
Microsoft Visual Studio Solution File, Format Version 12.00
Project("{FAE04EC0-301F-11D3-BF4B-00C04F79EFBC}") = "PasswordApp", "PasswordApp\PasswordApp.csproj", "{155FA876-2A7D-4806-A75D-ECBE1CADD750}"
EndProject
Project("{FAE04EC0-301F-11D3-BF4B-00C04F79EFBC}") = "Domain", "Domain\Domain.csproj", "{6F797DAF-9A4C-4172-9CBD-99BA1FE2E6F2}"
EndProject
Project("{FAE04EC0-301F-11D3-BF4B-00C04F79EFBC}") = "Infrastructure", "Infrastructure\Infrastructure.csproj", "{4962AF41-433D-4168-8202-38E717BF0F81}"
EndProject
Project("{FAE04EC0-301F-11D3-BF4B-00C04F79EFBC}") = "Shared", "Shared\Shared.csproj", "{8567CDFA-4B80-4700-9F71-DE1C5BCF9425}"
EndProject
Project("{FAE04EC0-301F-11D3-BF4B-00C04F79EFBC}") = "Domain.Test", "Domain.Test\Domain.Test.csproj", "{9192CD65-3BDD-4965-864B-0FD92D089E2A}"
EndProject
Global
	GlobalSection(SolutionConfigurationPlatforms) = preSolution
		Debug|Any CPU = Debug|Any CPU
		Release|Any CPU = Release|Any CPU
	EndGlobalSection
	GlobalSection(ProjectConfigurationPlatforms) = postSolution
		{155FA876-2A7D-4806-A75D-ECBE1CADD750}.Debug|Any CPU.ActiveCfg = Debug|Any CPU
		{155FA876-2A7D-4806-A75D-ECBE1CADD750}.Debug|Any CPU.Build.0 = Debug|Any CPU
		{155FA876-2A7D-4806-A75D-ECBE1CADD750}.Release|Any CPU.ActiveCfg = Release|Any CPU
		{155FA876-2A7D-4806-A75D-ECBE1CADD750}.Release|Any CPU.Build.0 = Release|Any CPU
		{6F797DAF-9A4C-4172-9CBD-99BA1FE2E6F2}.Debug|Any CPU.ActiveCfg = Debug|Any CPU
		{6F797DAF-9A4C-4172-9CBD-99BA1FE2E6F2}.Debug|Any CPU.Build.0 = Debug|Any CPU
		{6F797DAF-9A4C-4172-9CBD-99BA1FE2E6F2}.Release|Any CPU.ActiveCfg = Release|Any CPU
		{6F797DAF-9A4C-4172-9CBD-99BA1FE2E6F2}.Release|Any CPU.Build.0 = Release|Any CPU
		{4962AF41-433D-4168-8202-38E717BF0F81}.Debug|Any CPU.ActiveCfg = Debug|Any CPU
		{4962AF41-433D-4168-8202-38E717BF0F81}.Debug|Any CPU.Build.0 = Debug|Any CPU
		{4962AF41-433D-4168-8202-38E717BF0F81}.Release|Any CPU.ActiveCfg = Release|Any CPU
		{4962AF41-433D-4168-8202-38E717BF0F81}.Release|Any CPU.Build.0 = Release|Any CPU
		{8567CDFA-4B80-4700-9F71-DE1C5BCF9425}.Debug|Any CPU.ActiveCfg = Debug|Any CPU
		{8567CDFA-4B80-4700-9F71-DE1C5BCF9425}.Debug|Any CPU.Build.0 = Debug|Any CPU
		{8567CDFA-4B80-4700-9F71-DE1C5BCF9425}.Release|Any CPU.ActiveCfg = Release|Any CPU
		{8567CDFA-4B80-4700-9F71-DE1C5BCF9425}.Release|Any CPU.Build.0 = Release|Any CPU
		{9192CD65-3BDD-4965-864B-0FD92D089E2A}.Debug|Any CPU.ActiveCfg = Debug|Any CPU
		{9192CD65-3BDD-4965-864B-0FD92D089E2A}.Debug|Any CPU.Build.0 = Debug|Any CPU
		{9192CD65-3BDD-4965-864B-0FD92D089E2A}.Release|Any CPU.ActiveCfg = Release|Any CPU
		{9192CD65-3BDD-4965-864B-0FD92D089E2A}.Release|Any CPU.Build.0 = Release|Any CPU
	EndGlobalSection
EndGlobal
